<?xml version="1.0" encoding="utf-8"?>
<Project ToolsVersion="4.0" xmlns="http://schemas.microsoft.com/developer/msbuild/2003">
  <ItemGroup>
    <Filter Include="Source Files">
      <UniqueIdentifier>{4FC737F1-C7A5-4376-A066-2A32D752A2FF}</UniqueIdentifier>
      <Extensions>cpp;c;cc;cxx;c++;cppm;ixx;def;odl;idl;hpj;bat;asm;asmx</Extensions>
    </Filter>
    <Filter Include="Header Files">
      <UniqueIdentifier>{93995380-89BD-4b04-88EB-625FBE52EBFB}</UniqueIdentifier>
      <Extensions>h;hh;hpp;hxx;h++;hm;inl;inc;ipp;xsd</Extensions>
    </Filter>
    <Filter Include="Resource Files">
      <UniqueIdentifier>{67DA6AB6-F800-4c08-8B7A-83BB121AAD01}</UniqueIdentifier>
      <Extensions>rc;ico;cur;bmp;dlg;rc2;rct;bin;rgs;gif;jpg;jpeg;jpe;resx;tiff;tif;png;wav;mfcribbon-ms</Extensions>
    </Filter>
    <Filter Include="Source Files\discord_game_sdk">
      <UniqueIdentifier>{6853d9ba-4050-40fa-b7c6-8c44fdc1f89b}</UniqueIdentifier>
    </Filter>
  </ItemGroup>
  <ItemGroup>
    <ClInclude Include="framework.h">
      <Filter>Header Files</Filter>
    </ClInclude>
    <ClInclude Include="pch.h">
      <Filter>Header Files</Filter>
    </ClInclude>
    <ClInclude Include="MXB_interface.h">
      <Filter>Header Files</Filter>
    </ClInclude>
    <ClInclude Include="Logger.h">
      <Filter>Header Files</Filter>
    </ClInclude>
    <ClInclude Include="ConfigManager.h">
      <Filter>Header Files</Filter>
    </ClInclude>
    <ClInclude Include="Plugin.h">
      <Filter>Header Files</Filter>
    </ClInclude>
    <ClInclude Include="MemReader.h">
      <Filter>Header Files</Filter>
    </ClInclude>
    <ClInclude Include="KeyPressHandler.h">
      <Filter>Header Files</Filter>
    </ClInclude>
    <ClInclude Include="Constants.h">
      <Filter>Header Files</Filter>
    </ClInclude>
    <ClInclude Include="PluginHelpers.h">
      <Filter>Header Files</Filter>
    </ClInclude>
    <ClInclude Include="MemReaderHelpers.h">
      <Filter>Header Files</Filter>
    </ClInclude>
    <ClInclude Include="timeTracker.h">
      <Filter>Header Files</Filter>
    </ClInclude>
    <ClInclude Include="DiscordManager.h">
      <Filter>Header Files</Filter>
    </ClInclude>
  </ItemGroup>
  <ItemGroup>
    <ClCompile Include="dllmain.cpp">
      <Filter>Source Files</Filter>
    </ClCompile>
    <ClCompile Include="pch.cpp">
      <Filter>Source Files</Filter>
    </ClCompile>
    <ClCompile Include="MXB_interface.cpp">
      <Filter>Source Files</Filter>
    </ClCompile>
    <ClCompile Include="Logger.cpp">
      <Filter>Source Files</Filter>
    </ClCompile>
    <ClCompile Include="ConfigManager.cpp">
      <Filter>Source Files</Filter>
    </ClCompile>
    <ClCompile Include="Plugin.cpp">
      <Filter>Source Files</Filter>
    </ClCompile>
    <ClCompile Include="MemReader.cpp">
      <Filter>Source Files</Filter>
    </ClCompile>
    <ClCompile Include="keyPressHandler.cpp">
      <Filter>Source Files</Filter>
    </ClCompile>
    <ClCompile Include="PluginHelpers.cpp">
      <Filter>Source Files</Filter>
    </ClCompile>
    <ClCompile Include="memReaderHelpers.cpp">
      <Filter>Source Files</Filter>
    </ClCompile>
    <ClCompile Include="timeTracker.cpp">
      <Filter>Source Files</Filter>
    </ClCompile>
    <ClCompile Include="..\vendor\discord_game_sdk\include\achievement_manager.cpp">
      <Filter>Source Files\discord_game_sdk</Filter>
    </ClCompile>
    <ClCompile Include="..\vendor\discord_game_sdk\include\activity_manager.cpp">
      <Filter>Source Files\discord_game_sdk</Filter>
    </ClCompile>
    <ClCompile Include="..\vendor\discord_game_sdk\include\application_manager.cpp">
      <Filter>Source Files\discord_game_sdk</Filter>
    </ClCompile>
    <ClCompile Include="..\vendor\discord_game_sdk\include\core.cpp">
      <Filter>Source Files\discord_game_sdk</Filter>
    </ClCompile>
    <ClCompile Include="..\vendor\discord_game_sdk\include\image_manager.cpp">
      <Filter>Source Files\discord_game_sdk</Filter>
    </ClCompile>
    <ClCompile Include="..\vendor\discord_game_sdk\include\lobby_manager.cpp">
      <Filter>Source Files\discord_game_sdk</Filter>
    </ClCompile>
    <ClCompile Include="..\vendor\discord_game_sdk\include\network_manager.cpp">
      <Filter>Source Files\discord_game_sdk</Filter>
    </ClCompile>
    <ClCompile Include="..\vendor\discord_game_sdk\include\overlay_manager.cpp">
      <Filter>Source Files\discord_game_sdk</Filter>
    </ClCompile>
    <ClCompile Include="..\vendor\discord_game_sdk\include\relationship_manager.cpp">
      <Filter>Source Files\discord_game_sdk</Filter>
    </ClCompile>
    <ClCompile Include="..\vendor\discord_game_sdk\include\storage_manager.cpp">
      <Filter>Source Files\discord_game_sdk</Filter>
    </ClCompile>
    <ClCompile Include="..\vendor\discord_game_sdk\include\store_manager.cpp">
      <Filter>Source Files\discord_game_sdk</Filter>
    </ClCompile>
    <ClCompile Include="..\vendor\discord_game_sdk\include\types.cpp">
      <Filter>Source Files\discord_game_sdk</Filter>
    </ClCompile>
    <ClCompile Include="..\vendor\discord_game_sdk\include\user_manager.cpp">
      <Filter>Source Files\discord_game_sdk</Filter>
    </ClCompile>
    <ClCompile Include="..\vendor\discord_game_sdk\include\voice_manager.cpp">
      <Filter>Source Files\discord_game_sdk</Filter>
    </ClCompile>
    <ClCompile Include="DiscordManager.cpp">
      <Filter>Source Files</Filter>
    </ClCompile>
  </ItemGroup>
</Project>